
Microsoft Visual Studio Solution File, Format Version 12.00
Project("{F2A71F9B-5D33-465A-A702-920D77279786}") = "Sorting", "Sorting\Sorting.fsproj", "{860213B7-095B-488A-A8A6-FBC23848CEFB}"
EndProject
Project("{F2A71F9B-5D33-465A-A702-920D77279786}") = "UnitTests", "UnitTests\UnitTests.fsproj", "{090FDE4A-585F-4823-9CF1-4BF943C1D868}"
EndProject
Project("{F2A71F9B-5D33-465A-A702-920D77279786}") = "Trees", "Trees\Trees.fsproj", "{2F016D54-9ABA-4B46-B021-D252101B466B}"
EndProject
Global
	GlobalSection(SolutionConfigurationPlatforms) = preSolution
		Debug|Any CPU = Debug|Any CPU
		Release|Any CPU = Release|Any CPU
	EndGlobalSection
	GlobalSection(ProjectConfigurationPlatforms) = postSolution
		{860213B7-095B-488A-A8A6-FBC23848CEFB}.Debug|Any CPU.ActiveCfg = Debug|Any CPU
		{860213B7-095B-488A-A8A6-FBC23848CEFB}.Debug|Any CPU.Build.0 = Debug|Any CPU
		{860213B7-095B-488A-A8A6-FBC23848CEFB}.Release|Any CPU.ActiveCfg = Release|Any CPU
		{860213B7-095B-488A-A8A6-FBC23848CEFB}.Release|Any CPU.Build.0 = Release|Any CPU
		{090FDE4A-585F-4823-9CF1-4BF943C1D868}.Debug|Any CPU.ActiveCfg = Debug|Any CPU
		{090FDE4A-585F-4823-9CF1-4BF943C1D868}.Debug|Any CPU.Build.0 = Debug|Any CPU
		{090FDE4A-585F-4823-9CF1-4BF943C1D868}.Release|Any CPU.ActiveCfg = Release|Any CPU
		{090FDE4A-585F-4823-9CF1-4BF943C1D868}.Release|Any CPU.Build.0 = Release|Any CPU
		{2F016D54-9ABA-4B46-B021-D252101B466B}.Debug|Any CPU.ActiveCfg = Debug|Any CPU
		{2F016D54-9ABA-4B46-B021-D252101B466B}.Debug|Any CPU.Build.0 = Debug|Any CPU
		{2F016D54-9ABA-4B46-B021-D252101B466B}.Release|Any CPU.ActiveCfg = Release|Any CPU
		{2F016D54-9ABA-4B46-B021-D252101B466B}.Release|Any CPU.Build.0 = Release|Any CPU
	EndGlobalSection
EndGlobal
